// !$*UTF8*$!
{
	archiveVersion = 1;
	classes = {
	};
	objectVersion = 46;
	objects = {

/* Begin PBXBuildFile section */
		2D14FC291E6751D900E520F3 /* AppDelegate.swift in Sources */ = {isa = PBXBuildFile; fileRef = 2D14FC281E6751D900E520F3 /* AppDelegate.swift */; };
		2D14FC2B1E6751D900E520F3 /* ViewController.swift in Sources */ = {isa = PBXBuildFile; fileRef = 2D14FC2A1E6751D900E520F3 /* ViewController.swift */; };
		2D14FC2E1E6751D900E520F3 /* Main.storyboard in Resources */ = {isa = PBXBuildFile; fileRef = 2D14FC2C1E6751D900E520F3 /* Main.storyboard */; };
		2D14FC301E6751D900E520F3 /* Assets.xcassets in Resources */ = {isa = PBXBuildFile; fileRef = 2D14FC2F1E6751D900E520F3 /* Assets.xcassets */; };
		2D14FC331E6751D900E520F3 /* LaunchScreen.storyboard in Resources */ = {isa = PBXBuildFile; fileRef = 2D14FC311E6751D900E520F3 /* LaunchScreen.storyboard */; };
		2D14FC3E1E6751DA00E520F3 /* warTests.swift in Sources */ = {isa = PBXBuildFile; fileRef = 2D14FC3D1E6751DA00E520F3 /* warTests.swift */; };
		2D14FC491E6751DA00E520F3 /* warUITests.swift in Sources */ = {isa = PBXBuildFile; fileRef = 2D14FC481E6751DA00E520F3 /* warUITests.swift */; };
/* End PBXBuildFile section */

/* Begin PBXContainerItemProxy section */
		2D14FC3A1E6751D900E520F3 /* PBXContainerItemProxy */ = {
			isa = PBXContainerItemProxy;
			containerPortal = 2D14FC1D1E6751D900E520F3 /* Project object */;
			proxyType = 1;
			remoteGlobalIDString = 2D14FC241E6751D900E520F3;
			remoteInfo = war;
		};
		2D14FC451E6751DA00E520F3 /* PBXContainerItemProxy */ = {
			isa = PBXContainerItemProxy;
			containerPortal = 2D14FC1D1E6751D900E520F3 /* Project object */;
			proxyType = 1;
			remoteGlobalIDString = 2D14FC241E6751D900E520F3;
			remoteInfo = war;
		};
/* End PBXContainerItemProxy section */

/* Begin PBXFileReference section */
		2D14FC251E6751D900E520F3 /* war.app */ = {isa = PBXFileReference; explicitFileType = wrapper.application; includeInIndex = 0; path = war.app; sourceTree = BUILT_PRODUCTS_DIR; };
		2D14FC281E6751D900E520F3 /* AppDelegate.swift */ = {isa = PBXFileReference; lastKnownFileType = sourcecode.swift; path = AppDelegate.swift; sourceTree = "<group>"; };
		2D14FC2A1E6751D900E520F3 /* ViewController.swift */ = {isa = PBXFileReference; lastKnownFileType = sourcecode.swift; path = ViewController.swift; sourceTree = "<group>"; };
		2D14FC2D1E6751D900E520F3 /* Base */ = {isa = PBXFileReference; lastKnownFileType = file.storyboard; name = Base; path = Base.lproj/Main.storyboard; sourceTree = "<group>"; };
		2D14FC2F1E6751D900E520F3 /* Assets.xcassets */ = {isa = PBXFileReference; lastKnownFileType = folder.assetcatalog; path = Assets.xcassets; sourceTree = "<group>"; };
		2D14FC321E6751D900E520F3 /* Base */ = {isa = PBXFileReference; lastKnownFileType = file.storyboard; name = Base; path = Base.lproj/LaunchScreen.storyboard; sourceTree = "<group>"; };
		2D14FC341E6751D900E520F3 /* Info.plist */ = {isa = PBXFileReference; lastKnownFileType = text.plist.xml; path = Info.plist; sourceTree = "<group>"; };
		2D14FC391E6751D900E520F3 /* warTests.xctest */ = {isa = PBXFileReference; explicitFileType = wrapper.cfbundle; includeInIndex = 0; path = warTests.xctest; sourceTree = BUILT_PRODUCTS_DIR; };
		2D14FC3D1E6751DA00E520F3 /* warTests.swift */ = {isa = PBXFileReference; lastKnownFileType = sourcecode.swift; path = warTests.swift; sourceTree = "<group>"; };
		2D14FC3F1E6751DA00E520F3 /* Info.plist */ = {isa = PBXFileReference; lastKnownFileType = text.plist.xml; path = Info.plist; sourceTree = "<group>"; };
		2D14FC441E6751DA00E520F3 /* warUITests.xctest */ = {isa = PBXFileReference; explicitFileType = wrapper.cfbundle; includeInIndex = 0; path = warUITests.xctest; sourceTree = BUILT_PRODUCTS_DIR; };
		2D14FC481E6751DA00E520F3 /* warUITests.swift */ = {isa = PBXFileReference; lastKnownFileType = sourcecode.swift; path = warUITests.swift; sourceTree = "<group>"; };
		2D14FC4A1E6751DA00E520F3 /* Info.plist */ = {isa = PBXFileReference; lastKnownFileType = text.plist.xml; path = Info.plist; sourceTree = "<group>"; };
/* End PBXFileReference section */

/* Begin PBXFrameworksBuildPhase section */
		2D14FC221E6751D900E520F3 /* Frameworks */ = {
			isa = PBXFrameworksBuildPhase;
			buildActionMask = 2147483647;
			files = (
			);
			runOnlyForDeploymentPostprocessing = 0;
		};
		2D14FC361E6751D900E520F3 /* Frameworks */ = {
			isa = PBXFrameworksBuildPhase;
			buildActionMask = 2147483647;
			files = (
			);
			runOnlyForDeploymentPostprocessing = 0;
		};
		2D14FC411E6751DA00E520F3 /* Frameworks */ = {
			isa = PBXFrameworksBuildPhase;
			buildActionMask = 2147483647;
			files = (
			);
			runOnlyForDeploymentPostprocessing = 0;
		};
/* End PBXFrameworksBuildPhase section */

/* Begin PBXGroup section */
		2D14FC1C1E6751D900E520F3 = {
			isa = PBXGroup;
			children = (
				2D14FC271E6751D900E520F3 /* war */,
				2D14FC3C1E6751D900E520F3 /* warTests */,
				2D14FC471E6751DA00E520F3 /* warUITests */,
				2D14FC261E6751D900E520F3 /* Products */,
			);
			sourceTree = "<group>";
		};
		2D14FC261E6751D900E520F3 /* Products */ = {
			isa = PBXGroup;
			children = (
				2D14FC251E6751D900E520F3 /* war.app */,
				2D14FC391E6751D900E520F3 /* warTests.xctest */,
				2D14FC441E6751DA00E520F3 /* warUITests.xctest */,
			);
			name = Products;
			sourceTree = "<group>";
		};
		2D14FC271E6751D900E520F3 /* war */ = {
			isa = PBXGroup;
			children = (
				2D14FC281E6751D900E520F3 /* AppDelegate.swift */,
				2D14FC2A1E6751D900E520F3 /* ViewController.swift */,
				2D14FC2C1E6751D900E520F3 /* Main.storyboard */,
				2D14FC2F1E6751D900E520F3 /* Assets.xcassets */,
				2D14FC311E6751D900E520F3 /* LaunchScreen.storyboard */,
				2D14FC341E6751D900E520F3 /* Info.plist */,
			);
			path = war;
			sourceTree = "<group>";
		};
		2D14FC3C1E6751D900E520F3 /* warTests */ = {
			isa = PBXGroup;
			children = (
				2D14FC3D1E6751DA00E520F3 /* warTests.swift */,
				2D14FC3F1E6751DA00E520F3 /* Info.plist */,
			);
			path = warTests;
			sourceTree = "<group>";
		};
		2D14FC471E6751DA00E520F3 /* warUITests */ = {
			isa = PBXGroup;
			children = (
				2D14FC481E6751DA00E520F3 /* warUITests.swift */,
				2D14FC4A1E6751DA00E520F3 /* Info.plist */,
			);
			path = warUITests;
			sourceTree = "<group>";
		};
/* End PBXGroup section */

/* Begin PBXNativeTarget section */
		2D14FC241E6751D900E520F3 /* war */ = {
			isa = PBXNativeTarget;
			buildConfigurationList = 2D14FC4D1E6751DA00E520F3 /* Build configuration list for PBXNativeTarget "war" */;
			buildPhases = (
				2D14FC211E6751D900E520F3 /* Sources */,
				2D14FC221E6751D900E520F3 /* Frameworks */,
				2D14FC231E6751D900E520F3 /* Resources */,
			);
			buildRules = (
			);
			dependencies = (
			);
			name = war;
			productName = war;
			productReference = 2D14FC251E6751D900E520F3 /* war.app */;
			productType = "com.apple.product-type.application";
		};
		2D14FC381E6751D900E520F3 /* warTests */ = {
			isa = PBXNativeTarget;
			buildConfigurationList = 2D14FC501E6751DA00E520F3 /* Build configuration list for PBXNativeTarget "warTests" */;
			buildPhases = (
				2D14FC351E6751D900E520F3 /* Sources */,
				2D14FC361E6751D900E520F3 /* Frameworks */,
				2D14FC371E6751D900E520F3 /* Resources */,
			);
			buildRules = (
			);
			dependencies = (
				2D14FC3B1E6751D900E520F3 /* PBXTargetDependency */,
			);
			name = warTests;
			productName = warTests;
			productReference = 2D14FC391E6751D900E520F3 /* warTests.xctest */;
			productType = "com.apple.product-type.bundle.unit-test";
		};
		2D14FC431E6751DA00E520F3 /* warUITests */ = {
			isa = PBXNativeTarget;
			buildConfigurationList = 2D14FC531E6751DA00E520F3 /* Build configuration list for PBXNativeTarget "warUITests" */;
			buildPhases = (
				2D14FC401E6751DA00E520F3 /* Sources */,
				2D14FC411E6751DA00E520F3 /* Frameworks */,
				2D14FC421E6751DA00E520F3 /* Resources */,
			);
			buildRules = (
			);
			dependencies = (
				2D14FC461E6751DA00E520F3 /* PBXTargetDependency */,
			);
			name = warUITests;
			productName = warUITests;
			productReference = 2D14FC441E6751DA00E520F3 /* warUITests.xctest */;
			productType = "com.apple.product-type.bundle.ui-testing";
		};
/* End PBXNativeTarget section */

/* Begin PBXProject section */
		2D14FC1D1E6751D900E520F3 /* Project object */ = {
			isa = PBXProject;
			attributes = {
				LastSwiftUpdateCheck = 0830;
				LastUpgradeCheck = 0830;
				ORGANIZATIONNAME = "luk dro";
				TargetAttributes = {
					2D14FC241E6751D900E520F3 = {
						CreatedOnToolsVersion = 8.3;
						ProvisioningStyle = Automatic;
					};
					2D14FC381E6751D900E520F3 = {
						CreatedOnToolsVersion = 8.3;
						ProvisioningStyle = Automatic;
						TestTargetID = 2D14FC241E6751D900E520F3;
					};
					2D14FC431E6751DA00E520F3 = {
						CreatedOnToolsVersion = 8.3;
						ProvisioningStyle = Automatic;
						TestTargetID = 2D14FC241E6751D900E520F3;
					};
				};
			};
			buildConfigurationList = 2D14FC201E6751D900E520F3 /* Build configuration list for PBXProject "war" */;
			compatibilityVersion = "Xcode 3.2";
			developmentRegion = English;
			hasScannedForEncodings = 0;
			knownRegions = (
				en,
				Base,
			);
			mainGroup = 2D14FC1C1E6751D900E520F3;
			productRefGroup = 2D14FC261E6751D900E520F3 /* Products */;
			projectDirPath = "";
			projectRoot = "";
			targets = (
				2D14FC241E6751D900E520F3 /* war */,
				2D14FC381E6751D900E520F3 /* warTests */,
				2D14FC431E6751DA00E520F3 /* warUITests */,
			);
		};
/* End PBXProject section */

/* Begin PBXResourcesBuildPhase section */
		2D14FC231E6751D900E520F3 /* Resources */ = {
			isa = PBXResourcesBuildPhase;
			buildActionMask = 2147483647;
			files = (
				2D14FC331E6751D900E520F3 /* LaunchScreen.storyboard in Resources */,
				2D14FC301E6751D900E520F3 /* Assets.xcassets in Resources */,
				2D14FC2E1E6751D900E520F3 /* Main.storyboard in Resources */,
			);
			runOnlyForDeploymentPostprocessing = 0;
		};
		2D14FC371E6751D900E520F3 /* Resources */ = {
			isa = PBXResourcesBuildPhase;
			buildActionMask = 2147483647;
			files = (
			);
			runOnlyForDeploymentPostprocessing = 0;
		};
		2D14FC421E6751DA00E520F3 /* Resources */ = {
			isa = PBXResourcesBuildPhase;
			buildActionMask = 2147483647;
			files = (
			);
			runOnlyForDeploymentPostprocessing = 0;
		};
/* End PBXResourcesBuildPhase section */

/* Begin PBXSourcesBuildPhase section */
		2D14FC211E6751D900E520F3 /* Sources */ = {
			isa = PBXSourcesBuildPhase;
			buildActionMask = 2147483647;
			files = (
				2D14FC2B1E6751D900E520F3 /* ViewController.swift in Sources */,
				2D14FC291E6751D900E520F3 /* AppDelegate.swift in Sources */,
			);
			runOnlyForDeploymentPostprocessing = 0;
		};
		2D14FC351E6751D900E520F3 /* Sources */ = {
			isa = PBXSourcesBuildPhase;
			buildActionMask = 2147483647;
			files = (
				2D14FC3E1E6751DA00E520F3 /* warTests.swift in Sources */,
			);
			runOnlyForDeploymentPostprocessing = 0;
		};
		2D14FC401E6751DA00E520F3 /* Sources */ = {
			isa = PBXSourcesBuildPhase;
			buildActionMask = 2147483647;
			files = (
				2D14FC491E6751DA00E520F3 /* warUITests.swift in Sources */,
			);
			runOnlyForDeploymentPostprocessing = 0;
		};
/* End PBXSourcesBuildPhase section */

/* Begin PBXTargetDependency section */
		2D14FC3B1E6751D900E520F3 /* PBXTargetDependency */ = {
			isa = PBXTargetDependency;
			target = 2D14FC241E6751D900E520F3 /* war */;
			targetProxy = 2D14FC3A1E6751D900E520F3 /* PBXContainerItemProxy */;
		};
		2D14FC461E6751DA00E520F3 /* PBXTargetDependency */ = {
			isa = PBXTargetDependency;
			target = 2D14FC241E6751D900E520F3 /* war */;
			targetProxy = 2D14FC451E6751DA00E520F3 /* PBXContainerItemProxy */;
		};
/* End PBXTargetDependency section */

/* Begin PBXVariantGroup section */
		2D14FC2C1E6751D900E520F3 /* Main.storyboard */ = {
			isa = PBXVariantGroup;
			children = (
				2D14FC2D1E6751D900E520F3 /* Base */,
			);
			name = Main.storyboard;
			sourceTree = "<group>";
		};
		2D14FC311E6751D900E520F3 /* LaunchScreen.storyboard */ = {
			isa = PBXVariantGroup;
			children = (
				2D14FC321E6751D900E520F3 /* Base */,
			);
			name = LaunchScreen.storyboard;
			sourceTree = "<group>";
		};
/* End PBXVariantGroup section */

/* Begin XCBuildConfiguration section */
		2D14FC4B1E6751DA00E520F3 /* Debug */ = {
			isa = XCBuildConfiguration;
			buildSettings = {
				ALWAYS_SEARCH_USER_PATHS = NO;
				CLANG_ANALYZER_NONNULL = YES;
				CLANG_ANALYZER_NUMBER_OBJECT_CONVERSION = YES_AGGRESSIVE;
				CLANG_CXX_LANGUAGE_STANDARD = "gnu++0x";
				CLANG_CXX_LIBRARY = "libc++";
				CLANG_ENABLE_MODULES = YES;
				CLANG_ENABLE_OBJC_ARC = YES;
				CLANG_WARN_BOOL_CONVERSION = YES;
				CLANG_WARN_CONSTANT_CONVERSION = YES;
				CLANG_WARN_DIRECT_OBJC_ISA_USAGE = YES_ERROR;
				CLANG_WARN_DOCUMENTATION_COMMENTS = YES;
				CLANG_WARN_EMPTY_BODY = YES;
				CLANG_WARN_ENUM_CONVERSION = YES;
				CLANG_WARN_INFINITE_RECURSION = YES;
				CLANG_WARN_INT_CONVERSION = YES;
				CLANG_WARN_OBJC_ROOT_CLASS = YES_ERROR;
				CLANG_WARN_SUSPICIOUS_MOVE = YES;
				CLANG_WARN_UNREACHABLE_CODE = YES;
				CLANG_WARN__DUPLICATE_METHOD_MATCH = YES;
				"CODE_SIGN_IDENTITY[sdk=iphoneos*]" = "iPhone Developer";
				COPY_PHASE_STRIP = NO;
				DEBUG_INFORMATION_FORMAT = dwarf;
				ENABLE_STRICT_OBJC_MSGSEND = YES;
				ENABLE_TESTABILITY = YES;
				GCC_C_LANGUAGE_STANDARD = gnu99;
				GCC_DYNAMIC_NO_PIC = NO;
				GCC_NO_COMMON_BLOCKS = YES;
				GCC_OPTIMIZATION_LEVEL = 0;
				GCC_PREPROCESSOR_DEFINITIONS = (
					"DEBUG=1",
					"$(inherited)",
				);
				GCC_WARN_64_TO_32_BIT_CONVERSION = YES;
				GCC_WARN_ABOUT_RETURN_TYPE = YES_ERROR;
				GCC_WARN_UNDECLARED_SELECTOR = YES;
				GCC_WARN_UNINITIALIZED_AUTOS = YES_AGGRESSIVE;
				GCC_WARN_UNUSED_FUNCTION = YES;
				GCC_WARN_UNUSED_VARIABLE = YES;
				IPHONEOS_DEPLOYMENT_TARGET = 10.3;
				MTL_ENABLE_DEBUG_INFO = YES;
				ONLY_ACTIVE_ARCH = YES;
				SDKROOT = iphoneos;
				SWIFT_ACTIVE_COMPILATION_CONDITIONS = DEBUG;
				SWIFT_OPTIMIZATION_LEVEL = "-Onone";
			};
			name = Debug;
		};
		2D14FC4C1E6751DA00E520F3 /* Release */ = {
			isa = XCBuildConfiguration;
			buildSettings = {
				ALWAYS_SEARCH_USER_PATHS = NO;
				CLANG_ANALYZER_NONNULL = YES;
				CLANG_ANALYZER_NUMBER_OBJECT_CONVERSION = YES_AGGRESSIVE;
				CLANG_CXX_LANGUAGE_STANDARD = "gnu++0x";
				CLANG_CXX_LIBRARY = "libc++";
				CLANG_ENABLE_MODULES = YES;
				CLANG_ENABLE_OBJC_ARC = YES;
				CLANG_WARN_BOOL_CONVERSION = YES;
				CLANG_WARN_CONSTANT_CONVERSION = YES;
				CLANG_WARN_DIRECT_OBJC_ISA_USAGE = YES_ERROR;
				CLANG_WARN_DOCUMENTATION_COMMENTS = YES;
				CLANG_WARN_EMPTY_BODY = YES;
				CLANG_WARN_ENUM_CONVERSION = YES;
				CLANG_WARN_INFINITE_RECURSION = YES;
				CLANG_WARN_INT_CONVERSION = YES;
				CLANG_WARN_OBJC_ROOT_CLASS = YES_ERROR;
				CLANG_WARN_SUSPICIOUS_MOVE = YES;
				CLANG_WARN_UNREACHABLE_CODE = YES;
				CLANG_WARN__DUPLICATE_METHOD_MATCH = YES;
				"CODE_SIGN_IDENTITY[sdk=iphoneos*]" = "iPhone Developer";
				COPY_PHASE_STRIP = NO;
				DEBUG_INFORMATION_FORMAT = "dwarf-with-dsym";
				ENABLE_NS_ASSERTIONS = NO;
				ENABLE_STRICT_OBJC_MSGSEND = YES;
				GCC_C_LANGUAGE_STANDARD = gnu99;
				GCC_NO_COMMON_BLOCKS = YES;
				GCC_WARN_64_TO_32_BIT_CONVERSION = YES;
				GCC_WARN_ABOUT_RETURN_TYPE = YES_ERROR;
				GCC_WARN_UNDECLARED_SELECTOR = YES;
				GCC_WARN_UNINITIALIZED_AUTOS = YES_AGGRESSIVE;
				GCC_WARN_UNUSED_FUNCTION = YES;
				GCC_WARN_UNUSED_VARIABLE = YES;
				IPHONEOS_DEPLOYMENT_TARGET = 10.3;
				MTL_ENABLE_DEBUG_INFO = NO;
				SDKROOT = iphoneos;
				SWIFT_OPTIMIZATION_LEVEL = "-Owholemodule";
				VALIDATE_PRODUCT = YES;
			};
			name = Release;
		};
		2D14FC4E1E6751DA00E520F3 /* Debug */ = {
			isa = XCBuildConfiguration;
			buildSettings = {
				ASSETCATALOG_COMPILER_APPICON_NAME = AppIcon;
				INFOPLIST_FILE = war/Info.plist;
				LD_RUNPATH_SEARCH_PATHS = "$(inherited) @executable_path/Frameworks";
				PRODUCT_BUNDLE_IDENTIFIER = ss.war;
				PRODUCT_NAME = "$(TARGET_NAME)";
				SWIFT_VERSION = 3.0;
			};
			name = Debug;
		};
		2D14FC4F1E6751DA00E520F3 /* Release */ = {
			isa = XCBuildConfiguration;
			buildSettings = {
				ASSETCATALOG_COMPILER_APPICON_NAME = AppIcon;
				INFOPLIST_FILE = war/Info.plist;
				LD_RUNPATH_SEARCH_PATHS = "$(inherited) @executable_path/Frameworks";
				PRODUCT_BUNDLE_IDENTIFIER = ss.war;
				PRODUCT_NAME = "$(TARGET_NAME)";
				SWIFT_VERSION = 3.0;
			};
			name = Release;
		};
		2D14FC511E6751DA00E520F3 /* Debug */ = {
			isa = XCBuildConfiguration;
			buildSettings = {
				ALWAYS_EMBED_SWIFT_STANDARD_LIBRARIES = YES;
				BUNDLE_LOADER = "$(TEST_HOST)";
				INFOPLIST_FILE = warTests/Info.plist;
				LD_RUNPATH_SEARCH_PATHS = "$(inherited) @executable_path/Frameworks @loader_path/Frameworks";
				PRODUCT_BUNDLE_IDENTIFIER = ss.warTests;
				PRODUCT_NAME = "$(TARGET_NAME)";
				SWIFT_VERSION = 3.0;
				TEST_HOST = "$(BUILT_PRODUCTS_DIR)/war.app/war";
			};
			name = Debug;
		};
		2D14FC521E6751DA00E520F3 /* Release */ = {
			isa = XCBuildConfiguration;
			buildSettings = {
				ALWAYS_EMBED_SWIFT_STANDARD_LIBRARIES = YES;
				BUNDLE_LOADER = "$(TEST_HOST)";
				INFOPLIST_FILE = warTests/Info.plist;
				LD_RUNPATH_SEARCH_PATHS = "$(inherited) @executable_path/Frameworks @loader_path/Frameworks";
				PRODUCT_BUNDLE_IDENTIFIER = ss.warTests;
				PRODUCT_NAME = "$(TARGET_NAME)";
				SWIFT_VERSION = 3.0;
				TEST_HOST = "$(BUILT_PRODUCTS_DIR)/war.app/war";
			};
			name = Release;
		};
		2D14FC541E6751DA00E520F3 /* Debug */ = {
			isa = XCBuildConfiguration;
			buildSettings = {
				ALWAYS_EMBED_SWIFT_STANDARD_LIBRARIES = YES;
				INFOPLIST_FILE = warUITests/Info.plist;
				LD_RUNPATH_SEARCH_PATHS = "$(inherited) @executable_path/Frameworks @loader_path/Frameworks";
				PRODUCT_BUNDLE_IDENTIFIER = ss.warUITests;
				PRODUCT_NAME = "$(TARGET_NAME)";
				SWIFT_VERSION = 3.0;
				TEST_TARGET_NAME = war;
			};
			name = Debug;
		};
		2D14FC551E6751DA00E520F3 /* Release */ = {
			isa = XCBuildConfiguration;
			buildSettings = {
				ALWAYS_EMBED_SWIFT_STANDARD_LIBRARIES = YES;
				INFOPLIST_FILE = warUITests/Info.plist;
				LD_RUNPATH_SEARCH_PATHS = "$(inherited) @executable_path/Frameworks @loader_path/Frameworks";
				PRODUCT_BUNDLE_IDENTIFIER = ss.warUITests;
				PRODUCT_NAME = "$(TARGET_NAME)";
				SWIFT_VERSION = 3.0;
				TEST_TARGET_NAME = war;
			};
			name = Release;
		};
/* End XCBuildConfiguration section */

/* Begin XCConfigurationList section */
		2D14FC201E6751D900E520F3 /* Build configuration list for PBXProject "war" */ = {
			isa = XCConfigurationList;
			buildConfigurations = (
				2D14FC4B1E6751DA00E520F3 /* Debug */,
				2D14FC4C1E6751DA00E520F3 /* Release */,
			);
			defaultConfigurationIsVisible = 0;
			defaultConfigurationName = Release;
		};
		2D14FC4D1E6751DA00E520F3 /* Build configuration list for PBXNativeTarget "war" */ = {
			isa = XCConfigurationList;
			buildConfigurations = (
				2D14FC4E1E6751DA00E520F3 /* Debug */,
				2D14FC4F1E6751DA00E520F3 /* Release */,
			);
			defaultConfigurationIsVisible = 0;
		};
		2D14FC501E6751DA00E520F3 /* Build configuration list for PBXNativeTarget "warTests" */ = {
			isa = XCConfigurationList;
			buildConfigurations = (
				2D14FC511E6751DA00E520F3 /* Debug */,
				2D14FC521E6751DA00E520F3 /* Release */,
			);
			defaultConfigurationIsVisible = 0;
		};
		2D14FC531E6751DA00E520F3 /* Build configuration list for PBXNativeTarget "warUITests" */ = {
			isa = XCConfigurationList;
			buildConfigurations = (
				2D14FC541E6751DA00E520F3 /* Debug */,
				2D14FC551E6751DA00E520F3 /* Release */,
			);
			defaultConfigurationIsVisible = 0;
		};
/* End XCConfigurationList section */
	};
	rootObject = 2D14FC1D1E6751D900E520F3 /* Project object */;
}
